
Microsoft Visual Studio Solution File, Format Version 12.00
# Visual Studio Version 17
VisualStudioVersion = 17.8.34408.163
MinimumVisualStudioVersion = 10.0.40219.1
Project("{9A19103F-16F7-4668-BE54-9A1E7A4F7556}") = "Shapkin_Task_1", "TrainingPractice_01\Shapkin_Task_1.csproj", "{2279E306-042B-43D8-B5A8-8F8BC593C816}"
EndProject
Project("{9A19103F-16F7-4668-BE54-9A1E7A4F7556}") = "Shapkin_Task_2", "Shapkin_Task_2\Shapkin_Task_2.csproj", "{8D54C27C-1F44-421F-9097-587207C9D50B}"
EndProject
Project("{9A19103F-16F7-4668-BE54-9A1E7A4F7556}") = "Shapkin_Task_3", "Shapkin_Task_3\Shapkin_Task_3.csproj", "{7B8CF0FB-9E99-48D6-94F1-9D6E582FB3E9}"
EndProject
Project("{9A19103F-16F7-4668-BE54-9A1E7A4F7556}") = "Shapkin_Task_4", "Shapkin_Task_4\Shapkin_Task_4.csproj", "{8DC34D0F-D11B-4FFA-89AF-EF46E2F6BF58}"
EndProject
Project("{FAE04EC0-301F-11D3-BF4B-00C04F79EFBC}") = "Shapkin_Task_6", "Shapkin_Task_6\Shapkin_Task_6.csproj", "{41093DAA-3029-4A04-B58C-D561B08F4AD4}"
EndProject
Project("{FAE04EC0-301F-11D3-BF4B-00C04F79EFBC}") = "Shapkin_Task_5", "Shapkin_Task_5\Shapkin_Task_5.csproj", "{AC0544E9-F045-4E8C-A270-3F364A77CB8C}"
EndProject
Project("{FAE04EC0-301F-11D3-BF4B-00C04F79EFBC}") = "Shapkin_Task_7", "Shapkin_Task_7\Shapkin_Task_7.csproj", "{2AB7D22A-737B-4B4D-8AB7-2D4B1F3663B1}"
EndProject
Global
	GlobalSection(SolutionConfigurationPlatforms) = preSolution
		Debug|Any CPU = Debug|Any CPU
		Release|Any CPU = Release|Any CPU
	EndGlobalSection
	GlobalSection(ProjectConfigurationPlatforms) = postSolution
		{2279E306-042B-43D8-B5A8-8F8BC593C816}.Debug|Any CPU.ActiveCfg = Debug|Any CPU
		{2279E306-042B-43D8-B5A8-8F8BC593C816}.Debug|Any CPU.Build.0 = Debug|Any CPU
		{2279E306-042B-43D8-B5A8-8F8BC593C816}.Release|Any CPU.ActiveCfg = Release|Any CPU
		{2279E306-042B-43D8-B5A8-8F8BC593C816}.Release|Any CPU.Build.0 = Release|Any CPU
		{8D54C27C-1F44-421F-9097-587207C9D50B}.Debug|Any CPU.ActiveCfg = Debug|Any CPU
		{8D54C27C-1F44-421F-9097-587207C9D50B}.Debug|Any CPU.Build.0 = Debug|Any CPU
		{8D54C27C-1F44-421F-9097-587207C9D50B}.Release|Any CPU.ActiveCfg = Release|Any CPU
		{8D54C27C-1F44-421F-9097-587207C9D50B}.Release|Any CPU.Build.0 = Release|Any CPU
		{7B8CF0FB-9E99-48D6-94F1-9D6E582FB3E9}.Debug|Any CPU.ActiveCfg = Debug|Any CPU
		{7B8CF0FB-9E99-48D6-94F1-9D6E582FB3E9}.Debug|Any CPU.Build.0 = Debug|Any CPU
		{7B8CF0FB-9E99-48D6-94F1-9D6E582FB3E9}.Release|Any CPU.ActiveCfg = Release|Any CPU
		{7B8CF0FB-9E99-48D6-94F1-9D6E582FB3E9}.Release|Any CPU.Build.0 = Release|Any CPU
		{8DC34D0F-D11B-4FFA-89AF-EF46E2F6BF58}.Debug|Any CPU.ActiveCfg = Debug|Any CPU
		{8DC34D0F-D11B-4FFA-89AF-EF46E2F6BF58}.Debug|Any CPU.Build.0 = Debug|Any CPU
		{8DC34D0F-D11B-4FFA-89AF-EF46E2F6BF58}.Release|Any CPU.ActiveCfg = Release|Any CPU
		{8DC34D0F-D11B-4FFA-89AF-EF46E2F6BF58}.Release|Any CPU.Build.0 = Release|Any CPU
		{41093DAA-3029-4A04-B58C-D561B08F4AD4}.Debug|Any CPU.ActiveCfg = Debug|Any CPU
		{41093DAA-3029-4A04-B58C-D561B08F4AD4}.Debug|Any CPU.Build.0 = Debug|Any CPU
		{41093DAA-3029-4A04-B58C-D561B08F4AD4}.Release|Any CPU.ActiveCfg = Release|Any CPU
		{41093DAA-3029-4A04-B58C-D561B08F4AD4}.Release|Any CPU.Build.0 = Release|Any CPU
		{AC0544E9-F045-4E8C-A270-3F364A77CB8C}.Debug|Any CPU.ActiveCfg = Debug|Any CPU
		{AC0544E9-F045-4E8C-A270-3F364A77CB8C}.Debug|Any CPU.Build.0 = Debug|Any CPU
		{AC0544E9-F045-4E8C-A270-3F364A77CB8C}.Release|Any CPU.ActiveCfg = Release|Any CPU
		{AC0544E9-F045-4E8C-A270-3F364A77CB8C}.Release|Any CPU.Build.0 = Release|Any CPU
		{2AB7D22A-737B-4B4D-8AB7-2D4B1F3663B1}.Debug|Any CPU.ActiveCfg = Debug|Any CPU
		{2AB7D22A-737B-4B4D-8AB7-2D4B1F3663B1}.Debug|Any CPU.Build.0 = Debug|Any CPU
		{2AB7D22A-737B-4B4D-8AB7-2D4B1F3663B1}.Release|Any CPU.ActiveCfg = Release|Any CPU
		{2AB7D22A-737B-4B4D-8AB7-2D4B1F3663B1}.Release|Any CPU.Build.0 = Release|Any CPU
	EndGlobalSection
	GlobalSection(SolutionProperties) = preSolution
		HideSolutionNode = FALSE
	EndGlobalSection
	GlobalSection(ExtensibilityGlobals) = postSolution
		SolutionGuid = {B9975014-FA49-4A2B-B07C-514DF7C3C926}
	EndGlobalSection
EndGlobal
